// !$*UTF8*$!
{
	archiveVersion = 1;
	classes = {
	};
	objectVersion = 55;
	objects = {

/* Begin PBXBuildFile section */
		DB3848BB28141AE200A86E66 /* CleanPresenter.swift in Sources */ = {isa = PBXBuildFile; fileRef = DB3848B528141AE200A86E66 /* CleanPresenter.swift */; };
		DB3848BD28141AE200A86E66 /* CleanRouter.swift in Sources */ = {isa = PBXBuildFile; fileRef = DB3848B728141AE200A86E66 /* CleanRouter.swift */; };
		DB3848BE28141AE200A86E66 /* CleanModels.swift in Sources */ = {isa = PBXBuildFile; fileRef = DB3848B828141AE200A86E66 /* CleanModels.swift */; };
		DB3848BF28141AE200A86E66 /* CleanHistoryVС.swift in Sources */ = {isa = PBXBuildFile; fileRef = DB3848B928141AE200A86E66 /* CleanHistoryVС.swift */; };
		DB3848C028141AE200A86E66 /* CleanInteractor.swift in Sources */ = {isa = PBXBuildFile; fileRef = DB3848BA28141AE200A86E66 /* CleanInteractor.swift */; };
		DB70AECC2812011100507B37 /* AnimationViewController.swift in Sources */ = {isa = PBXBuildFile; fileRef = DB70AECB2812011100507B37 /* AnimationViewController.swift */; };
		DB7BB9B227F2397200129317 /* AppDelegate.swift in Sources */ = {isa = PBXBuildFile; fileRef = DB7BB9B127F2397200129317 /* AppDelegate.swift */; };
		DB7BB9B427F2397200129317 /* SceneDelegate.swift in Sources */ = {isa = PBXBuildFile; fileRef = DB7BB9B327F2397200129317 /* SceneDelegate.swift */; };
		DB7BB9BB27F2397300129317 /* Assets.xcassets in Resources */ = {isa = PBXBuildFile; fileRef = DB7BB9BA27F2397300129317 /* Assets.xcassets */; };
		DB7BB9CC27F23C4600129317 /* TabBarController.swift in Sources */ = {isa = PBXBuildFile; fileRef = DB7BB9CB27F23C4600129317 /* TabBarController.swift */; };
		DB7BB9D227F3469D00129317 /* NavigationController.swift in Sources */ = {isa = PBXBuildFile; fileRef = DB7BB9D127F3469D00129317 /* NavigationController.swift */; };
		DBA409EA27F61D9200ECF636 /* CubeViewController.swift in Sources */ = {isa = PBXBuildFile; fileRef = DBA409E927F61D9200ECF636 /* CubeViewController.swift */; };
		DBA409EC27F61DE700ECF636 /* GameLogic.swift in Sources */ = {isa = PBXBuildFile; fileRef = DBA409EB27F61DE700ECF636 /* GameLogic.swift */; };
		DBA409EE27F61DF600ECF636 /* SettingsViewController.swift in Sources */ = {isa = PBXBuildFile; fileRef = DBA409ED27F61DF600ECF636 /* SettingsViewController.swift */; };
		DBA409F227F61E0B00ECF636 /* RockPaperViewController.swift in Sources */ = {isa = PBXBuildFile; fileRef = DBA409F127F61E0B00ECF636 /* RockPaperViewController.swift */; };
		DBAEA70F280761EB00A96795 /* DataStructures.swift in Sources */ = {isa = PBXBuildFile; fileRef = DBAEA70E280761EB00A96795 /* DataStructures.swift */; };
		DBAEA711280762D400A96795 /* HistoryCollectionItem.swift in Sources */ = {isa = PBXBuildFile; fileRef = DBAEA710280762D400A96795 /* HistoryCollectionItem.swift */; };
		DBAEA7132807635100A96795 /* RockPaperConfiguration.swift in Sources */ = {isa = PBXBuildFile; fileRef = DBAEA7122807635100A96795 /* RockPaperConfiguration.swift */; };
		DBAEA71A280764A600A96795 /* CollectionViewLayoutFactory.swift in Sources */ = {isa = PBXBuildFile; fileRef = DBAEA719280764A600A96795 /* CollectionViewLayoutFactory.swift */; };
		DBAEA71C280A13A000A96795 /* BestSetConfiguration.swift in Sources */ = {isa = PBXBuildFile; fileRef = DBAEA71B280A13A000A96795 /* BestSetConfiguration.swift */; };
		DBAEA71E280EDCCA00A96795 /* ThrowInfoConfiguration.swift in Sources */ = {isa = PBXBuildFile; fileRef = DBAEA71D280EDCCA00A96795 /* ThrowInfoConfiguration.swift */; };
		DBAEA7202811A79400A96795 /* CubeGameConfiguration.swift in Sources */ = {isa = PBXBuildFile; fileRef = DBAEA71F2811A79400A96795 /* CubeGameConfiguration.swift */; };
		DBCC32DA2805EE4A003047DB /* HistoryView.swift in Sources */ = {isa = PBXBuildFile; fileRef = DBCC32D92805EE4A003047DB /* HistoryView.swift */; };
/* End PBXBuildFile section */

/* Begin PBXFileReference section */
		DB3848B528141AE200A86E66 /* CleanPresenter.swift */ = {isa = PBXFileReference; lastKnownFileType = sourcecode.swift; path = CleanPresenter.swift; sourceTree = "<group>"; };
		DB3848B728141AE200A86E66 /* CleanRouter.swift */ = {isa = PBXFileReference; lastKnownFileType = sourcecode.swift; path = CleanRouter.swift; sourceTree = "<group>"; };
		DB3848B828141AE200A86E66 /* CleanModels.swift */ = {isa = PBXFileReference; lastKnownFileType = sourcecode.swift; path = CleanModels.swift; sourceTree = "<group>"; };
		DB3848B928141AE200A86E66 /* CleanHistoryVС.swift */ = {isa = PBXFileReference; lastKnownFileType = sourcecode.swift; path = "CleanHistoryVС.swift"; sourceTree = "<group>"; };
		DB3848BA28141AE200A86E66 /* CleanInteractor.swift */ = {isa = PBXFileReference; lastKnownFileType = sourcecode.swift; path = CleanInteractor.swift; sourceTree = "<group>"; };
		DB70AECB2812011100507B37 /* AnimationViewController.swift */ = {isa = PBXFileReference; lastKnownFileType = sourcecode.swift; path = AnimationViewController.swift; sourceTree = "<group>"; };
		DB7BB9AE27F2397200129317 /* TicTacToe.app */ = {isa = PBXFileReference; explicitFileType = wrapper.application; includeInIndex = 0; path = TicTacToe.app; sourceTree = BUILT_PRODUCTS_DIR; };
		DB7BB9B127F2397200129317 /* AppDelegate.swift */ = {isa = PBXFileReference; lastKnownFileType = sourcecode.swift; path = AppDelegate.swift; sourceTree = "<group>"; };
		DB7BB9B327F2397200129317 /* SceneDelegate.swift */ = {isa = PBXFileReference; lastKnownFileType = sourcecode.swift; path = SceneDelegate.swift; sourceTree = "<group>"; };
		DB7BB9BA27F2397300129317 /* Assets.xcassets */ = {isa = PBXFileReference; lastKnownFileType = folder.assetcatalog; path = Assets.xcassets; sourceTree = "<group>"; };
		DB7BB9BF27F2397300129317 /* Info.plist */ = {isa = PBXFileReference; lastKnownFileType = text.plist.xml; path = Info.plist; sourceTree = "<group>"; };
		DB7BB9CB27F23C4600129317 /* TabBarController.swift */ = {isa = PBXFileReference; lastKnownFileType = sourcecode.swift; path = TabBarController.swift; sourceTree = "<group>"; };
		DB7BB9D127F3469D00129317 /* NavigationController.swift */ = {isa = PBXFileReference; lastKnownFileType = sourcecode.swift; path = NavigationController.swift; sourceTree = "<group>"; };
		DBA409E927F61D9200ECF636 /* CubeViewController.swift */ = {isa = PBXFileReference; fileEncoding = 4; lastKnownFileType = sourcecode.swift; path = CubeViewController.swift; sourceTree = "<group>"; };
		DBA409EB27F61DE700ECF636 /* GameLogic.swift */ = {isa = PBXFileReference; fileEncoding = 4; lastKnownFileType = sourcecode.swift; path = GameLogic.swift; sourceTree = "<group>"; };
		DBA409ED27F61DF600ECF636 /* SettingsViewController.swift */ = {isa = PBXFileReference; fileEncoding = 4; lastKnownFileType = sourcecode.swift; path = SettingsViewController.swift; sourceTree = "<group>"; };
		DBA409F127F61E0B00ECF636 /* RockPaperViewController.swift */ = {isa = PBXFileReference; fileEncoding = 4; lastKnownFileType = sourcecode.swift; path = RockPaperViewController.swift; sourceTree = "<group>"; };
		DBAEA70E280761EB00A96795 /* DataStructures.swift */ = {isa = PBXFileReference; lastKnownFileType = sourcecode.swift; path = DataStructures.swift; sourceTree = "<group>"; };
		DBAEA710280762D400A96795 /* HistoryCollectionItem.swift */ = {isa = PBXFileReference; lastKnownFileType = sourcecode.swift; path = HistoryCollectionItem.swift; sourceTree = "<group>"; };
		DBAEA7122807635100A96795 /* RockPaperConfiguration.swift */ = {isa = PBXFileReference; lastKnownFileType = sourcecode.swift; path = RockPaperConfiguration.swift; sourceTree = "<group>"; };
		DBAEA719280764A600A96795 /* CollectionViewLayoutFactory.swift */ = {isa = PBXFileReference; lastKnownFileType = sourcecode.swift; path = CollectionViewLayoutFactory.swift; sourceTree = "<group>"; };
		DBAEA71B280A13A000A96795 /* BestSetConfiguration.swift */ = {isa = PBXFileReference; lastKnownFileType = sourcecode.swift; path = BestSetConfiguration.swift; sourceTree = "<group>"; };
		DBAEA71D280EDCCA00A96795 /* ThrowInfoConfiguration.swift */ = {isa = PBXFileReference; lastKnownFileType = sourcecode.swift; name = ThrowInfoConfiguration.swift; path = TicTacToe/DataStore/ThrowInfoConfiguration.swift; sourceTree = SOURCE_ROOT; };
		DBAEA71F2811A79400A96795 /* CubeGameConfiguration.swift */ = {isa = PBXFileReference; lastKnownFileType = sourcecode.swift; path = CubeGameConfiguration.swift; sourceTree = "<group>"; };
		DBCC32D92805EE4A003047DB /* HistoryView.swift */ = {isa = PBXFileReference; lastKnownFileType = sourcecode.swift; path = HistoryView.swift; sourceTree = "<group>"; };
/* End PBXFileReference section */

/* Begin PBXFrameworksBuildPhase section */
		DB7BB9AB27F2397200129317 /* Frameworks */ = {
			isa = PBXFrameworksBuildPhase;
			buildActionMask = 2147483647;
			files = (
			);
			runOnlyForDeploymentPostprocessing = 0;
		};
/* End PBXFrameworksBuildPhase section */

/* Begin PBXGroup section */
		DB3848C128141AF000A86E66 /* CleanHistoryScene */ = {
			isa = PBXGroup;
			children = (
				DB3848B528141AE200A86E66 /* CleanPresenter.swift */,
				DB3848B728141AE200A86E66 /* CleanRouter.swift */,
				DB3848B828141AE200A86E66 /* CleanModels.swift */,
				DB3848B928141AE200A86E66 /* CleanHistoryVС.swift */,
				DB3848BA28141AE200A86E66 /* CleanInteractor.swift */,
			);
			path = CleanHistoryScene;
			sourceTree = "<group>";
		};
		DB7BB9A527F2397200129317 = {
			isa = PBXGroup;
			children = (
				DB7BB9B027F2397200129317 /* TicTacToe */,
				DB7BB9AF27F2397200129317 /* Products */,
			);
			sourceTree = "<group>";
		};
		DB7BB9AF27F2397200129317 /* Products */ = {
			isa = PBXGroup;
			children = (
				DB7BB9AE27F2397200129317 /* TicTacToe.app */,
			);
			name = Products;
			sourceTree = "<group>";
		};
		DB7BB9B027F2397200129317 /* TicTacToe */ = {
			isa = PBXGroup;
			children = (
				DB7BB9BF27F2397300129317 /* Info.plist */,
				DB7BB9BA27F2397300129317 /* Assets.xcassets */,
				DB7BB9B127F2397200129317 /* AppDelegate.swift */,
				DB7BB9D127F3469D00129317 /* NavigationController.swift */,
				DB7BB9B327F2397200129317 /* SceneDelegate.swift */,
				DB7BB9CB27F23C4600129317 /* TabBarController.swift */,
				DBA409EB27F61DE700ECF636 /* GameLogic.swift */,
				DBAEA7182807647000A96795 /* UIKit */,
				DBAEA70D280761BE00A96795 /* DataStore */,
				DBCC32D62805E753003047DB /* Modules */,
			);
			path = TicTacToe;
			sourceTree = "<group>";
		};
		DBAEA70D280761BE00A96795 /* DataStore */ = {
			isa = PBXGroup;
			children = (
				DBAEA710280762D400A96795 /* HistoryCollectionItem.swift */,
				DBAEA70E280761EB00A96795 /* DataStructures.swift */,
				DBAEA7122807635100A96795 /* RockPaperConfiguration.swift */,
				DBAEA71F2811A79400A96795 /* CubeGameConfiguration.swift */,
				DBAEA71D280EDCCA00A96795 /* ThrowInfoConfiguration.swift */,
				DBAEA71B280A13A000A96795 /* BestSetConfiguration.swift */,
			);
			path = DataStore;
			sourceTree = "<group>";
		};
		DBAEA7182807647000A96795 /* UIKit */ = {
			isa = PBXGroup;
			children = (
				DBAEA719280764A600A96795 /* CollectionViewLayoutFactory.swift */,
			);
			path = UIKit;
			sourceTree = "<group>";
		};
		DBCC32D62805E753003047DB /* Modules */ = {
			isa = PBXGroup;
			children = (
				DB3848C128141AF000A86E66 /* CleanHistoryScene */,
				DBCC32D82805E76E003047DB /* Controller */,
				DBCC32D72805E764003047DB /* View */,
			);
			path = Modules;
			sourceTree = "<group>";
		};
		DBCC32D72805E764003047DB /* View */ = {
			isa = PBXGroup;
			children = (
				DBCC32D92805EE4A003047DB /* HistoryView.swift */,
			);
			path = View;
			sourceTree = "<group>";
		};
		DBCC32D82805E76E003047DB /* Controller */ = {
			isa = PBXGroup;
			children = (
				DBA409F127F61E0B00ECF636 /* RockPaperViewController.swift */,
				DBA409ED27F61DF600ECF636 /* SettingsViewController.swift */,
				DBA409E927F61D9200ECF636 /* CubeViewController.swift */,
				DB70AECB2812011100507B37 /* AnimationViewController.swift */,
			);
			path = Controller;
			sourceTree = "<group>";
		};
/* End PBXGroup section */

/* Begin PBXNativeTarget section */
		DB7BB9AD27F2397200129317 /* TicTacToe */ = {
			isa = PBXNativeTarget;
			buildConfigurationList = DB7BB9C227F2397300129317 /* Build configuration list for PBXNativeTarget "TicTacToe" */;
			buildPhases = (
				DB7BB9AA27F2397200129317 /* Sources */,
				DB7BB9AB27F2397200129317 /* Frameworks */,
				DB7BB9AC27F2397200129317 /* Resources */,
			);
			buildRules = (
			);
			dependencies = (
			);
			name = TicTacToe;
			productName = TicTacToe;
			productReference = DB7BB9AE27F2397200129317 /* TicTacToe.app */;
			productType = "com.apple.product-type.application";
		};
/* End PBXNativeTarget section */

/* Begin PBXProject section */
		DB7BB9A627F2397200129317 /* Project object */ = {
			isa = PBXProject;
			attributes = {
				BuildIndependentTargetsInParallel = 1;
				LastSwiftUpdateCheck = 1320;
				LastUpgradeCheck = 1320;
				TargetAttributes = {
					DB7BB9AD27F2397200129317 = {
						CreatedOnToolsVersion = 13.2.1;
					};
				};
			};
			buildConfigurationList = DB7BB9A927F2397200129317 /* Build configuration list for PBXProject "TicTacToe" */;
			compatibilityVersion = "Xcode 13.0";
			developmentRegion = en;
			hasScannedForEncodings = 0;
			knownRegions = (
				en,
				Base,
			);
			mainGroup = DB7BB9A527F2397200129317;
			productRefGroup = DB7BB9AF27F2397200129317 /* Products */;
			projectDirPath = "";
			projectRoot = "";
			targets = (
				DB7BB9AD27F2397200129317 /* TicTacToe */,
			);
		};
/* End PBXProject section */

/* Begin PBXResourcesBuildPhase section */
		DB7BB9AC27F2397200129317 /* Resources */ = {
			isa = PBXResourcesBuildPhase;
			buildActionMask = 2147483647;
			files = (
				DB7BB9BB27F2397300129317 /* Assets.xcassets in Resources */,
			);
			runOnlyForDeploymentPostprocessing = 0;
		};
/* End PBXResourcesBuildPhase section */

/* Begin PBXSourcesBuildPhase section */
		DB7BB9AA27F2397200129317 /* Sources */ = {
			isa = PBXSourcesBuildPhase;
			buildActionMask = 2147483647;
			files = (
				DB3848BD28141AE200A86E66 /* CleanRouter.swift in Sources */,
				DBAEA7132807635100A96795 /* RockPaperConfiguration.swift in Sources */,
				DBAEA7202811A79400A96795 /* CubeGameConfiguration.swift in Sources */,
				DB3848BB28141AE200A86E66 /* CleanPresenter.swift in Sources */,
				DB7BB9B227F2397200129317 /* AppDelegate.swift in Sources */,
				DBAEA70F280761EB00A96795 /* DataStructures.swift in Sources */,
				DB3848BE28141AE200A86E66 /* CleanModels.swift in Sources */,
				DBAEA71E280EDCCA00A96795 /* ThrowInfoConfiguration.swift in Sources */,
				DBA409F227F61E0B00ECF636 /* RockPaperViewController.swift in Sources */,
				DB7BB9CC27F23C4600129317 /* TabBarController.swift in Sources */,
				DBA409EA27F61D9200ECF636 /* CubeViewController.swift in Sources */,
				DBCC32DA2805EE4A003047DB /* HistoryView.swift in Sources */,
				DB3848BF28141AE200A86E66 /* CleanHistoryVС.swift in Sources */,
				DBA409EC27F61DE700ECF636 /* GameLogic.swift in Sources */,
				DBAEA71C280A13A000A96795 /* BestSetConfiguration.swift in Sources */,
				DB70AECC2812011100507B37 /* AnimationViewController.swift in Sources */,
				DB7BB9D227F3469D00129317 /* NavigationController.swift in Sources */,
				DB7BB9B427F2397200129317 /* SceneDelegate.swift in Sources */,
				DBA409EE27F61DF600ECF636 /* SettingsViewController.swift in Sources */,
				DBAEA711280762D400A96795 /* HistoryCollectionItem.swift in Sources */,
				DBAEA71A280764A600A96795 /* CollectionViewLayoutFactory.swift in Sources */,
				DB3848C028141AE200A86E66 /* CleanInteractor.swift in Sources */,
			);
			runOnlyForDeploymentPostprocessing = 0;
		};
/* End PBXSourcesBuildPhase section */

/* Begin XCBuildConfiguration section */
		DB7BB9C027F2397300129317 /* Debug */ = {
			isa = XCBuildConfiguration;
			buildSettings = {
				ALWAYS_SEARCH_USER_PATHS = NO;
				CLANG_ANALYZER_NONNULL = YES;
				CLANG_ANALYZER_NUMBER_OBJECT_CONVERSION = YES_AGGRESSIVE;
				CLANG_CXX_LANGUAGE_STANDARD = "gnu++17";
				CLANG_CXX_LIBRARY = "libc++";
				CLANG_ENABLE_MODULES = YES;
				CLANG_ENABLE_OBJC_ARC = YES;
				CLANG_ENABLE_OBJC_WEAK = YES;
				CLANG_WARN_BLOCK_CAPTURE_AUTORELEASING = YES;
				CLANG_WARN_BOOL_CONVERSION = YES;
				CLANG_WARN_COMMA = YES;
				CLANG_WARN_CONSTANT_CONVERSION = YES;
				CLANG_WARN_DEPRECATED_OBJC_IMPLEMENTATIONS = YES;
				CLANG_WARN_DIRECT_OBJC_ISA_USAGE = YES_ERROR;
				CLANG_WARN_DOCUMENTATION_COMMENTS = YES;
				CLANG_WARN_EMPTY_BODY = YES;
				CLANG_WARN_ENUM_CONVERSION = YES;
				CLANG_WARN_INFINITE_RECURSION = YES;
				CLANG_WARN_INT_CONVERSION = YES;
				CLANG_WARN_NON_LITERAL_NULL_CONVERSION = YES;
				CLANG_WARN_OBJC_IMPLICIT_RETAIN_SELF = YES;
				CLANG_WARN_OBJC_LITERAL_CONVERSION = YES;
				CLANG_WARN_OBJC_ROOT_CLASS = YES_ERROR;
				CLANG_WARN_QUOTED_INCLUDE_IN_FRAMEWORK_HEADER = YES;
				CLANG_WARN_RANGE_LOOP_ANALYSIS = YES;
				CLANG_WARN_STRICT_PROTOTYPES = YES;
				CLANG_WARN_SUSPICIOUS_MOVE = YES;
				CLANG_WARN_UNGUARDED_AVAILABILITY = YES_AGGRESSIVE;
				CLANG_WARN_UNREACHABLE_CODE = YES;
				CLANG_WARN__DUPLICATE_METHOD_MATCH = YES;
				COPY_PHASE_STRIP = NO;
				DEBUG_INFORMATION_FORMAT = dwarf;
				ENABLE_STRICT_OBJC_MSGSEND = YES;
				ENABLE_TESTABILITY = YES;
				GCC_C_LANGUAGE_STANDARD = gnu11;
				GCC_DYNAMIC_NO_PIC = NO;
				GCC_NO_COMMON_BLOCKS = YES;
				GCC_OPTIMIZATION_LEVEL = 0;
				GCC_PREPROCESSOR_DEFINITIONS = (
					"DEBUG=1",
					"$(inherited)",
				);
				GCC_WARN_64_TO_32_BIT_CONVERSION = YES;
				GCC_WARN_ABOUT_RETURN_TYPE = YES_ERROR;
				GCC_WARN_UNDECLARED_SELECTOR = YES;
				GCC_WARN_UNINITIALIZED_AUTOS = YES_AGGRESSIVE;
				GCC_WARN_UNUSED_FUNCTION = YES;
				GCC_WARN_UNUSED_VARIABLE = YES;
				IPHONEOS_DEPLOYMENT_TARGET = 15.2;
				MTL_ENABLE_DEBUG_INFO = INCLUDE_SOURCE;
				MTL_FAST_MATH = YES;
				ONLY_ACTIVE_ARCH = YES;
				SDKROOT = iphoneos;
				SWIFT_ACTIVE_COMPILATION_CONDITIONS = DEBUG;
				SWIFT_OPTIMIZATION_LEVEL = "-Onone";
			};
			name = Debug;
		};
		DB7BB9C127F2397300129317 /* Release */ = {
			isa = XCBuildConfiguration;
			buildSettings = {
				ALWAYS_SEARCH_USER_PATHS = NO;
				CLANG_ANALYZER_NONNULL = YES;
				CLANG_ANALYZER_NUMBER_OBJECT_CONVERSION = YES_AGGRESSIVE;
				CLANG_CXX_LANGUAGE_STANDARD = "gnu++17";
				CLANG_CXX_LIBRARY = "libc++";
				CLANG_ENABLE_MODULES = YES;
				CLANG_ENABLE_OBJC_ARC = YES;
				CLANG_ENABLE_OBJC_WEAK = YES;
				CLANG_WARN_BLOCK_CAPTURE_AUTORELEASING = YES;
				CLANG_WARN_BOOL_CONVERSION = YES;
				CLANG_WARN_COMMA = YES;
				CLANG_WARN_CONSTANT_CONVERSION = YES;
				CLANG_WARN_DEPRECATED_OBJC_IMPLEMENTATIONS = YES;
				CLANG_WARN_DIRECT_OBJC_ISA_USAGE = YES_ERROR;
				CLANG_WARN_DOCUMENTATION_COMMENTS = YES;
				CLANG_WARN_EMPTY_BODY = YES;
				CLANG_WARN_ENUM_CONVERSION = YES;
				CLANG_WARN_INFINITE_RECURSION = YES;
				CLANG_WARN_INT_CONVERSION = YES;
				CLANG_WARN_NON_LITERAL_NULL_CONVERSION = YES;
				CLANG_WARN_OBJC_IMPLICIT_RETAIN_SELF = YES;
				CLANG_WARN_OBJC_LITERAL_CONVERSION = YES;
				CLANG_WARN_OBJC_ROOT_CLASS = YES_ERROR;
				CLANG_WARN_QUOTED_INCLUDE_IN_FRAMEWORK_HEADER = YES;
				CLANG_WARN_RANGE_LOOP_ANALYSIS = YES;
				CLANG_WARN_STRICT_PROTOTYPES = YES;
				CLANG_WARN_SUSPICIOUS_MOVE = YES;
				CLANG_WARN_UNGUARDED_AVAILABILITY = YES_AGGRESSIVE;
				CLANG_WARN_UNREACHABLE_CODE = YES;
				CLANG_WARN__DUPLICATE_METHOD_MATCH = YES;
				COPY_PHASE_STRIP = NO;
				DEBUG_INFORMATION_FORMAT = "dwarf-with-dsym";
				ENABLE_NS_ASSERTIONS = NO;
				ENABLE_STRICT_OBJC_MSGSEND = YES;
				GCC_C_LANGUAGE_STANDARD = gnu11;
				GCC_NO_COMMON_BLOCKS = YES;
				GCC_WARN_64_TO_32_BIT_CONVERSION = YES;
				GCC_WARN_ABOUT_RETURN_TYPE = YES_ERROR;
				GCC_WARN_UNDECLARED_SELECTOR = YES;
				GCC_WARN_UNINITIALIZED_AUTOS = YES_AGGRESSIVE;
				GCC_WARN_UNUSED_FUNCTION = YES;
				GCC_WARN_UNUSED_VARIABLE = YES;
				IPHONEOS_DEPLOYMENT_TARGET = 15.2;
				MTL_ENABLE_DEBUG_INFO = NO;
				MTL_FAST_MATH = YES;
				SDKROOT = iphoneos;
				SWIFT_COMPILATION_MODE = wholemodule;
				SWIFT_OPTIMIZATION_LEVEL = "-O";
				VALIDATE_PRODUCT = YES;
			};
			name = Release;
		};
		DB7BB9C327F2397300129317 /* Debug */ = {
			isa = XCBuildConfiguration;
			buildSettings = {
				ASSETCATALOG_COMPILER_APPICON_NAME = AppIcon;
				ASSETCATALOG_COMPILER_GLOBAL_ACCENT_COLOR_NAME = AccentColor;
				CODE_SIGN_STYLE = Automatic;
				CURRENT_PROJECT_VERSION = 1;
				DEVELOPMENT_TEAM = G47V947RVA;
				GENERATE_INFOPLIST_FILE = YES;
				INFOPLIST_FILE = TicTacToe/Info.plist;
				INFOPLIST_KEY_UIApplicationSupportsIndirectInputEvents = YES;
				INFOPLIST_KEY_UILaunchStoryboardName = LaunchScreen;
				INFOPLIST_KEY_UISupportedInterfaceOrientations_iPad = "UIInterfaceOrientationPortrait UIInterfaceOrientationPortraitUpsideDown UIInterfaceOrientationLandscapeLeft UIInterfaceOrientationLandscapeRight";
				INFOPLIST_KEY_UISupportedInterfaceOrientations_iPhone = "UIInterfaceOrientationPortrait UIInterfaceOrientationLandscapeLeft UIInterfaceOrientationLandscapeRight";
				LD_RUNPATH_SEARCH_PATHS = (
					"$(inherited)",
					"@executable_path/Frameworks",
				);
				MARKETING_VERSION = 1.0;
				PRODUCT_BUNDLE_IDENTIFIER = ru.kpigalkin.TicTacToe;
				PRODUCT_NAME = "$(TARGET_NAME)";
				SWIFT_EMIT_LOC_STRINGS = YES;
				SWIFT_VERSION = 5.0;
				TARGETED_DEVICE_FAMILY = "1,2";
			};
			name = Debug;
		};
		DB7BB9C427F2397300129317 /* Release */ = {
			isa = XCBuildConfiguration;
			buildSettings = {
				ASSETCATALOG_COMPILER_APPICON_NAME = AppIcon;
				ASSETCATALOG_COMPILER_GLOBAL_ACCENT_COLOR_NAME = AccentColor;
				CODE_SIGN_STYLE = Automatic;
				CURRENT_PROJECT_VERSION = 1;
				DEVELOPMENT_TEAM = G47V947RVA;
				GENERATE_INFOPLIST_FILE = YES;
				INFOPLIST_FILE = TicTacToe/Info.plist;
				INFOPLIST_KEY_UIApplicationSupportsIndirectInputEvents = YES;
				INFOPLIST_KEY_UILaunchStoryboardName = LaunchScreen;
				INFOPLIST_KEY_UISupportedInterfaceOrientations_iPad = "UIInterfaceOrientationPortrait UIInterfaceOrientationPortraitUpsideDown UIInterfaceOrientationLandscapeLeft UIInterfaceOrientationLandscapeRight";
				INFOPLIST_KEY_UISupportedInterfaceOrientations_iPhone = "UIInterfaceOrientationPortrait UIInterfaceOrientationLandscapeLeft UIInterfaceOrientationLandscapeRight";
				LD_RUNPATH_SEARCH_PATHS = (
					"$(inherited)",
					"@executable_path/Frameworks",
				);
				MARKETING_VERSION = 1.0;
				PRODUCT_BUNDLE_IDENTIFIER = ru.kpigalkin.TicTacToe;
				PRODUCT_NAME = "$(TARGET_NAME)";
				SWIFT_EMIT_LOC_STRINGS = YES;
				SWIFT_VERSION = 5.0;
				TARGETED_DEVICE_FAMILY = "1,2";
			};
			name = Release;
		};
/* End XCBuildConfiguration section */

/* Begin XCConfigurationList section */
		DB7BB9A927F2397200129317 /* Build configuration list for PBXProject "TicTacToe" */ = {
			isa = XCConfigurationList;
			buildConfigurations = (
				DB7BB9C027F2397300129317 /* Debug */,
				DB7BB9C127F2397300129317 /* Release */,
			);
			defaultConfigurationIsVisible = 0;
			defaultConfigurationName = Release;
		};
		DB7BB9C227F2397300129317 /* Build configuration list for PBXNativeTarget "TicTacToe" */ = {
			isa = XCConfigurationList;
			buildConfigurations = (
				DB7BB9C327F2397300129317 /* Debug */,
				DB7BB9C427F2397300129317 /* Release */,
			);
			defaultConfigurationIsVisible = 0;
			defaultConfigurationName = Release;
		};
/* End XCConfigurationList section */
	};
	rootObject = DB7BB9A627F2397200129317 /* Project object */;
}
